
Microsoft Visual Studio Solution File, Format Version 12.00
# Visual Studio Version 16
VisualStudioVersion = 16.0.31129.286
MinimumVisualStudioVersion = 15.0.26124.0
Project("{9A19103F-16F7-4668-BE54-9A1E7A4F7556}") = "Actor.GameHub", "src\Actor.GameHub\Actor.GameHub.csproj", "{8EAD715A-CD4B-4F8C-AC83-761E8B977890}"
EndProject
Project("{9A19103F-16F7-4668-BE54-9A1E7A4F7556}") = "Actor.GameHub.PingPong", "src\Actor.GameHub.PingPong\Actor.GameHub.PingPong.csproj", "{0A9D4EB7-51A0-44D4-9C8E-530E720467B9}"
EndProject
Project("{9A19103F-16F7-4668-BE54-9A1E7A4F7556}") = "Actor.GameHub.Identity.Actors", "src\Actor.GameHub.Identity.Actors\Actor.GameHub.Identity.Actors.csproj", "{C291C462-CE47-4157-A176-CC9281F10F9C}"
EndProject
Project("{9A19103F-16F7-4668-BE54-9A1E7A4F7556}") = "Actor.GameHub.Cli", "src\Actor.GameHub.Cli\Actor.GameHub.Cli.csproj", "{ED13F9BA-022E-4782-9088-DDEF70BAE5D2}"
EndProject
Project("{9A19103F-16F7-4668-BE54-9A1E7A4F7556}") = "Actor.GameHub.Identity.Abtractions", "src\Actor.GameHub.Identity.Abtractions\Actor.GameHub.Identity.Abtractions.csproj", "{BE616185-5A1F-43E4-B1DC-6AEED844C9EE}"
EndProject
Global
	GlobalSection(SolutionConfigurationPlatforms) = preSolution
		Debug|Any CPU = Debug|Any CPU
		Debug|x64 = Debug|x64
		Debug|x86 = Debug|x86
		Release|Any CPU = Release|Any CPU
		Release|x64 = Release|x64
		Release|x86 = Release|x86
	EndGlobalSection
	GlobalSection(ProjectConfigurationPlatforms) = postSolution
		{8EAD715A-CD4B-4F8C-AC83-761E8B977890}.Debug|Any CPU.ActiveCfg = Debug|Any CPU
		{8EAD715A-CD4B-4F8C-AC83-761E8B977890}.Debug|Any CPU.Build.0 = Debug|Any CPU
		{8EAD715A-CD4B-4F8C-AC83-761E8B977890}.Debug|x64.ActiveCfg = Debug|Any CPU
		{8EAD715A-CD4B-4F8C-AC83-761E8B977890}.Debug|x64.Build.0 = Debug|Any CPU
		{8EAD715A-CD4B-4F8C-AC83-761E8B977890}.Debug|x86.ActiveCfg = Debug|Any CPU
		{8EAD715A-CD4B-4F8C-AC83-761E8B977890}.Debug|x86.Build.0 = Debug|Any CPU
		{8EAD715A-CD4B-4F8C-AC83-761E8B977890}.Release|Any CPU.ActiveCfg = Release|Any CPU
		{8EAD715A-CD4B-4F8C-AC83-761E8B977890}.Release|Any CPU.Build.0 = Release|Any CPU
		{8EAD715A-CD4B-4F8C-AC83-761E8B977890}.Release|x64.ActiveCfg = Release|Any CPU
		{8EAD715A-CD4B-4F8C-AC83-761E8B977890}.Release|x64.Build.0 = Release|Any CPU
		{8EAD715A-CD4B-4F8C-AC83-761E8B977890}.Release|x86.ActiveCfg = Release|Any CPU
		{8EAD715A-CD4B-4F8C-AC83-761E8B977890}.Release|x86.Build.0 = Release|Any CPU
		{0A9D4EB7-51A0-44D4-9C8E-530E720467B9}.Debug|Any CPU.ActiveCfg = Debug|Any CPU
		{0A9D4EB7-51A0-44D4-9C8E-530E720467B9}.Debug|Any CPU.Build.0 = Debug|Any CPU
		{0A9D4EB7-51A0-44D4-9C8E-530E720467B9}.Debug|x64.ActiveCfg = Debug|Any CPU
		{0A9D4EB7-51A0-44D4-9C8E-530E720467B9}.Debug|x64.Build.0 = Debug|Any CPU
		{0A9D4EB7-51A0-44D4-9C8E-530E720467B9}.Debug|x86.ActiveCfg = Debug|Any CPU
		{0A9D4EB7-51A0-44D4-9C8E-530E720467B9}.Debug|x86.Build.0 = Debug|Any CPU
		{0A9D4EB7-51A0-44D4-9C8E-530E720467B9}.Release|Any CPU.ActiveCfg = Release|Any CPU
		{0A9D4EB7-51A0-44D4-9C8E-530E720467B9}.Release|Any CPU.Build.0 = Release|Any CPU
		{0A9D4EB7-51A0-44D4-9C8E-530E720467B9}.Release|x64.ActiveCfg = Release|Any CPU
		{0A9D4EB7-51A0-44D4-9C8E-530E720467B9}.Release|x64.Build.0 = Release|Any CPU
		{0A9D4EB7-51A0-44D4-9C8E-530E720467B9}.Release|x86.ActiveCfg = Release|Any CPU
		{0A9D4EB7-51A0-44D4-9C8E-530E720467B9}.Release|x86.Build.0 = Release|Any CPU
		{C291C462-CE47-4157-A176-CC9281F10F9C}.Debug|Any CPU.ActiveCfg = Debug|Any CPU
		{C291C462-CE47-4157-A176-CC9281F10F9C}.Debug|Any CPU.Build.0 = Debug|Any CPU
		{C291C462-CE47-4157-A176-CC9281F10F9C}.Debug|x64.ActiveCfg = Debug|Any CPU
		{C291C462-CE47-4157-A176-CC9281F10F9C}.Debug|x64.Build.0 = Debug|Any CPU
		{C291C462-CE47-4157-A176-CC9281F10F9C}.Debug|x86.ActiveCfg = Debug|Any CPU
		{C291C462-CE47-4157-A176-CC9281F10F9C}.Debug|x86.Build.0 = Debug|Any CPU
		{C291C462-CE47-4157-A176-CC9281F10F9C}.Release|Any CPU.ActiveCfg = Release|Any CPU
		{C291C462-CE47-4157-A176-CC9281F10F9C}.Release|Any CPU.Build.0 = Release|Any CPU
		{C291C462-CE47-4157-A176-CC9281F10F9C}.Release|x64.ActiveCfg = Release|Any CPU
		{C291C462-CE47-4157-A176-CC9281F10F9C}.Release|x64.Build.0 = Release|Any CPU
		{C291C462-CE47-4157-A176-CC9281F10F9C}.Release|x86.ActiveCfg = Release|Any CPU
		{C291C462-CE47-4157-A176-CC9281F10F9C}.Release|x86.Build.0 = Release|Any CPU
		{ED13F9BA-022E-4782-9088-DDEF70BAE5D2}.Debug|Any CPU.ActiveCfg = Debug|Any CPU
		{ED13F9BA-022E-4782-9088-DDEF70BAE5D2}.Debug|Any CPU.Build.0 = Debug|Any CPU
		{ED13F9BA-022E-4782-9088-DDEF70BAE5D2}.Debug|x64.ActiveCfg = Debug|Any CPU
		{ED13F9BA-022E-4782-9088-DDEF70BAE5D2}.Debug|x64.Build.0 = Debug|Any CPU
		{ED13F9BA-022E-4782-9088-DDEF70BAE5D2}.Debug|x86.ActiveCfg = Debug|Any CPU
		{ED13F9BA-022E-4782-9088-DDEF70BAE5D2}.Debug|x86.Build.0 = Debug|Any CPU
		{ED13F9BA-022E-4782-9088-DDEF70BAE5D2}.Release|Any CPU.ActiveCfg = Release|Any CPU
		{ED13F9BA-022E-4782-9088-DDEF70BAE5D2}.Release|Any CPU.Build.0 = Release|Any CPU
		{ED13F9BA-022E-4782-9088-DDEF70BAE5D2}.Release|x64.ActiveCfg = Release|Any CPU
		{ED13F9BA-022E-4782-9088-DDEF70BAE5D2}.Release|x64.Build.0 = Release|Any CPU
		{ED13F9BA-022E-4782-9088-DDEF70BAE5D2}.Release|x86.ActiveCfg = Release|Any CPU
		{ED13F9BA-022E-4782-9088-DDEF70BAE5D2}.Release|x86.Build.0 = Release|Any CPU
		{BE616185-5A1F-43E4-B1DC-6AEED844C9EE}.Debug|Any CPU.ActiveCfg = Debug|Any CPU
		{BE616185-5A1F-43E4-B1DC-6AEED844C9EE}.Debug|Any CPU.Build.0 = Debug|Any CPU
		{BE616185-5A1F-43E4-B1DC-6AEED844C9EE}.Debug|x64.ActiveCfg = Debug|Any CPU
		{BE616185-5A1F-43E4-B1DC-6AEED844C9EE}.Debug|x64.Build.0 = Debug|Any CPU
		{BE616185-5A1F-43E4-B1DC-6AEED844C9EE}.Debug|x86.ActiveCfg = Debug|Any CPU
		{BE616185-5A1F-43E4-B1DC-6AEED844C9EE}.Debug|x86.Build.0 = Debug|Any CPU
		{BE616185-5A1F-43E4-B1DC-6AEED844C9EE}.Release|Any CPU.ActiveCfg = Release|Any CPU
		{BE616185-5A1F-43E4-B1DC-6AEED844C9EE}.Release|Any CPU.Build.0 = Release|Any CPU
		{BE616185-5A1F-43E4-B1DC-6AEED844C9EE}.Release|x64.ActiveCfg = Release|Any CPU
		{BE616185-5A1F-43E4-B1DC-6AEED844C9EE}.Release|x64.Build.0 = Release|Any CPU
		{BE616185-5A1F-43E4-B1DC-6AEED844C9EE}.Release|x86.ActiveCfg = Release|Any CPU
		{BE616185-5A1F-43E4-B1DC-6AEED844C9EE}.Release|x86.Build.0 = Release|Any CPU
	EndGlobalSection
	GlobalSection(SolutionProperties) = preSolution
		HideSolutionNode = FALSE
	EndGlobalSection
	GlobalSection(ExtensibilityGlobals) = postSolution
		SolutionGuid = {E6E83943-C399-4267-9177-23CD346ED8CA}
	EndGlobalSection
EndGlobal
