
Microsoft Visual Studio Solution File, Format Version 12.00
# Visual Studio Version 16
VisualStudioVersion = 16.6.30114.105
MinimumVisualStudioVersion = 10.0.40219.1
Project("{9A19103F-16F7-4668-BE54-9A1E7A4F7556}") = "Actor.GameHub.Identity.Abstractions", "Identity\Actor.GameHub.Identity.Abstractions\Actor.GameHub.Identity.Abstractions.csproj", "{A0311DED-FD8D-4065-AD05-7CEE95883C00}"
EndProject
Project("{9A19103F-16F7-4668-BE54-9A1E7A4F7556}") = "Actor.GameHub.Identity.Orleans", "Identity\Actor.GameHub.Identity.Orleans\Actor.GameHub.Identity.Orleans.csproj", "{57AB1874-8D7A-4A2C-B6EF-A30A61A475DB}"
EndProject
Project("{9A19103F-16F7-4668-BE54-9A1E7A4F7556}") = "Actor.GameHub.Server", "Actor.GameHub.Server\Actor.GameHub.Server.csproj", "{281B1947-947B-4BB4-9C41-19E026F9AB41}"
EndProject
Project("{9A19103F-16F7-4668-BE54-9A1E7A4F7556}") = "Actor.GameHub.Identity.AspNetCore", "Identity\Actor.GameHub.Identity.AspNetCore\Actor.GameHub.Identity.AspNetCore.csproj", "{354F48EC-46C4-459C-9D61-EA0C88BEEFD7}"
EndProject
Project("{2150E333-8FDC-42A3-9474-1A3956D46DE8}") = "Identity", "Identity", "{2D0A84CB-51B0-4FEF-A191-D372D5626AE0}"
EndProject
Global
	GlobalSection(SolutionConfigurationPlatforms) = preSolution
		Debug|Any CPU = Debug|Any CPU
		Debug|x64 = Debug|x64
		Debug|x86 = Debug|x86
		Release|Any CPU = Release|Any CPU
		Release|x64 = Release|x64
		Release|x86 = Release|x86
	EndGlobalSection
	GlobalSection(ProjectConfigurationPlatforms) = postSolution
		{A0311DED-FD8D-4065-AD05-7CEE95883C00}.Debug|Any CPU.ActiveCfg = Debug|Any CPU
		{A0311DED-FD8D-4065-AD05-7CEE95883C00}.Debug|Any CPU.Build.0 = Debug|Any CPU
		{A0311DED-FD8D-4065-AD05-7CEE95883C00}.Debug|x64.ActiveCfg = Debug|Any CPU
		{A0311DED-FD8D-4065-AD05-7CEE95883C00}.Debug|x64.Build.0 = Debug|Any CPU
		{A0311DED-FD8D-4065-AD05-7CEE95883C00}.Debug|x86.ActiveCfg = Debug|Any CPU
		{A0311DED-FD8D-4065-AD05-7CEE95883C00}.Debug|x86.Build.0 = Debug|Any CPU
		{A0311DED-FD8D-4065-AD05-7CEE95883C00}.Release|Any CPU.ActiveCfg = Release|Any CPU
		{A0311DED-FD8D-4065-AD05-7CEE95883C00}.Release|Any CPU.Build.0 = Release|Any CPU
		{A0311DED-FD8D-4065-AD05-7CEE95883C00}.Release|x64.ActiveCfg = Release|Any CPU
		{A0311DED-FD8D-4065-AD05-7CEE95883C00}.Release|x64.Build.0 = Release|Any CPU
		{A0311DED-FD8D-4065-AD05-7CEE95883C00}.Release|x86.ActiveCfg = Release|Any CPU
		{A0311DED-FD8D-4065-AD05-7CEE95883C00}.Release|x86.Build.0 = Release|Any CPU
		{57AB1874-8D7A-4A2C-B6EF-A30A61A475DB}.Debug|Any CPU.ActiveCfg = Debug|Any CPU
		{57AB1874-8D7A-4A2C-B6EF-A30A61A475DB}.Debug|Any CPU.Build.0 = Debug|Any CPU
		{57AB1874-8D7A-4A2C-B6EF-A30A61A475DB}.Debug|x64.ActiveCfg = Debug|Any CPU
		{57AB1874-8D7A-4A2C-B6EF-A30A61A475DB}.Debug|x64.Build.0 = Debug|Any CPU
		{57AB1874-8D7A-4A2C-B6EF-A30A61A475DB}.Debug|x86.ActiveCfg = Debug|Any CPU
		{57AB1874-8D7A-4A2C-B6EF-A30A61A475DB}.Debug|x86.Build.0 = Debug|Any CPU
		{57AB1874-8D7A-4A2C-B6EF-A30A61A475DB}.Release|Any CPU.ActiveCfg = Release|Any CPU
		{57AB1874-8D7A-4A2C-B6EF-A30A61A475DB}.Release|Any CPU.Build.0 = Release|Any CPU
		{57AB1874-8D7A-4A2C-B6EF-A30A61A475DB}.Release|x64.ActiveCfg = Release|Any CPU
		{57AB1874-8D7A-4A2C-B6EF-A30A61A475DB}.Release|x64.Build.0 = Release|Any CPU
		{57AB1874-8D7A-4A2C-B6EF-A30A61A475DB}.Release|x86.ActiveCfg = Release|Any CPU
		{57AB1874-8D7A-4A2C-B6EF-A30A61A475DB}.Release|x86.Build.0 = Release|Any CPU
		{281B1947-947B-4BB4-9C41-19E026F9AB41}.Debug|Any CPU.ActiveCfg = Debug|Any CPU
		{281B1947-947B-4BB4-9C41-19E026F9AB41}.Debug|Any CPU.Build.0 = Debug|Any CPU
		{281B1947-947B-4BB4-9C41-19E026F9AB41}.Debug|x64.ActiveCfg = Debug|Any CPU
		{281B1947-947B-4BB4-9C41-19E026F9AB41}.Debug|x64.Build.0 = Debug|Any CPU
		{281B1947-947B-4BB4-9C41-19E026F9AB41}.Debug|x86.ActiveCfg = Debug|Any CPU
		{281B1947-947B-4BB4-9C41-19E026F9AB41}.Debug|x86.Build.0 = Debug|Any CPU
		{281B1947-947B-4BB4-9C41-19E026F9AB41}.Release|Any CPU.ActiveCfg = Release|Any CPU
		{281B1947-947B-4BB4-9C41-19E026F9AB41}.Release|Any CPU.Build.0 = Release|Any CPU
		{281B1947-947B-4BB4-9C41-19E026F9AB41}.Release|x64.ActiveCfg = Release|Any CPU
		{281B1947-947B-4BB4-9C41-19E026F9AB41}.Release|x64.Build.0 = Release|Any CPU
		{281B1947-947B-4BB4-9C41-19E026F9AB41}.Release|x86.ActiveCfg = Release|Any CPU
		{281B1947-947B-4BB4-9C41-19E026F9AB41}.Release|x86.Build.0 = Release|Any CPU
		{354F48EC-46C4-459C-9D61-EA0C88BEEFD7}.Debug|Any CPU.ActiveCfg = Debug|Any CPU
		{354F48EC-46C4-459C-9D61-EA0C88BEEFD7}.Debug|Any CPU.Build.0 = Debug|Any CPU
		{354F48EC-46C4-459C-9D61-EA0C88BEEFD7}.Debug|x64.ActiveCfg = Debug|Any CPU
		{354F48EC-46C4-459C-9D61-EA0C88BEEFD7}.Debug|x64.Build.0 = Debug|Any CPU
		{354F48EC-46C4-459C-9D61-EA0C88BEEFD7}.Debug|x86.ActiveCfg = Debug|Any CPU
		{354F48EC-46C4-459C-9D61-EA0C88BEEFD7}.Debug|x86.Build.0 = Debug|Any CPU
		{354F48EC-46C4-459C-9D61-EA0C88BEEFD7}.Release|Any CPU.ActiveCfg = Release|Any CPU
		{354F48EC-46C4-459C-9D61-EA0C88BEEFD7}.Release|Any CPU.Build.0 = Release|Any CPU
		{354F48EC-46C4-459C-9D61-EA0C88BEEFD7}.Release|x64.ActiveCfg = Release|Any CPU
		{354F48EC-46C4-459C-9D61-EA0C88BEEFD7}.Release|x64.Build.0 = Release|Any CPU
		{354F48EC-46C4-459C-9D61-EA0C88BEEFD7}.Release|x86.ActiveCfg = Release|Any CPU
		{354F48EC-46C4-459C-9D61-EA0C88BEEFD7}.Release|x86.Build.0 = Release|Any CPU
	EndGlobalSection
	GlobalSection(SolutionProperties) = preSolution
		HideSolutionNode = FALSE
	EndGlobalSection
	GlobalSection(NestedProjects) = preSolution
		{A0311DED-FD8D-4065-AD05-7CEE95883C00} = {2D0A84CB-51B0-4FEF-A191-D372D5626AE0}
		{57AB1874-8D7A-4A2C-B6EF-A30A61A475DB} = {2D0A84CB-51B0-4FEF-A191-D372D5626AE0}
		{354F48EC-46C4-459C-9D61-EA0C88BEEFD7} = {2D0A84CB-51B0-4FEF-A191-D372D5626AE0}
	EndGlobalSection
	GlobalSection(ExtensibilityGlobals) = postSolution
		SolutionGuid = {E54C6AEC-5AFD-408D-B638-855C40FC4109}
	EndGlobalSection
EndGlobal
