
Microsoft Visual Studio Solution File, Format Version 12.00
# Visual Studio Version 16
VisualStudioVersion = 16.6.30114.105
MinimumVisualStudioVersion = 10.0.40219.1
Project("{6EC3EE1D-3C4E-46DD-8F32-0CC8E7565705}") = "Actor.GameHub.Identity.Abstractions.FSharp", "Actor.GameHub.Identity.Abstractions.FSharp\Actor.GameHub.Identity.Abstractions.FSharp.fsproj", "{0977F8C1-2A07-46FD-833B-F6CA1FD96C9E}"
EndProject
Project("{6EC3EE1D-3C4E-46DD-8F32-0CC8E7565705}") = "Actor.GameHub.Identity.Actors.FSharp", "Actor.GameHub.Identity.Actors.FSharp\Actor.GameHub.Identity.Actors.FSharp.fsproj", "{81D1E99B-2A6F-4729-B842-710D46252DB0}"
EndProject
Project("{6EC3EE1D-3C4E-46DD-8F32-0CC8E7565705}") = "Actor.GameHub.Extensions.FSharp", "Actor.GameHub.Extensions.FSharp\Actor.GameHub.Extensions.FSharp.fsproj", "{256731BB-79BB-41E3-A405-FD96A00E2352}"
EndProject
Project("{6EC3EE1D-3C4E-46DD-8F32-0CC8E7565705}") = "Actor.GameHub.Server", "Actor.GameHub.Server\Actor.GameHub.Server.fsproj", "{0CE6ACFF-6E38-468A-85B1-5DC76293EE99}"
EndProject
Project("{6EC3EE1D-3C4E-46DD-8F32-0CC8E7565705}") = "Actor.GameHub.Identity.EntityFrameworkCore.FSharp", "Actor.GameHub.Identity.EntityFrameworkCore.FSharp\Actor.GameHub.Identity.EntityFrameworkCore.FSharp.fsproj", "{563D8A2B-B227-4FB5-8C4B-0B13C4F7FCBD}"
EndProject
Project("{6EC3EE1D-3C4E-46DD-8F32-0CC8E7565705}") = "Actor.GameHub.Client", "Actor.GameHub.Client\Actor.GameHub.Client.fsproj", "{A76C0CCA-EAE7-4C82-A69E-D2E23AD784F1}"
EndProject
Global
	GlobalSection(SolutionConfigurationPlatforms) = preSolution
		Debug|Any CPU = Debug|Any CPU
		Debug|x64 = Debug|x64
		Debug|x86 = Debug|x86
		Release|Any CPU = Release|Any CPU
		Release|x64 = Release|x64
		Release|x86 = Release|x86
	EndGlobalSection
	GlobalSection(ProjectConfigurationPlatforms) = postSolution
		{0977F8C1-2A07-46FD-833B-F6CA1FD96C9E}.Debug|Any CPU.ActiveCfg = Debug|Any CPU
		{0977F8C1-2A07-46FD-833B-F6CA1FD96C9E}.Debug|Any CPU.Build.0 = Debug|Any CPU
		{0977F8C1-2A07-46FD-833B-F6CA1FD96C9E}.Debug|x64.ActiveCfg = Debug|Any CPU
		{0977F8C1-2A07-46FD-833B-F6CA1FD96C9E}.Debug|x64.Build.0 = Debug|Any CPU
		{0977F8C1-2A07-46FD-833B-F6CA1FD96C9E}.Debug|x86.ActiveCfg = Debug|Any CPU
		{0977F8C1-2A07-46FD-833B-F6CA1FD96C9E}.Debug|x86.Build.0 = Debug|Any CPU
		{0977F8C1-2A07-46FD-833B-F6CA1FD96C9E}.Release|Any CPU.ActiveCfg = Release|Any CPU
		{0977F8C1-2A07-46FD-833B-F6CA1FD96C9E}.Release|Any CPU.Build.0 = Release|Any CPU
		{0977F8C1-2A07-46FD-833B-F6CA1FD96C9E}.Release|x64.ActiveCfg = Release|Any CPU
		{0977F8C1-2A07-46FD-833B-F6CA1FD96C9E}.Release|x64.Build.0 = Release|Any CPU
		{0977F8C1-2A07-46FD-833B-F6CA1FD96C9E}.Release|x86.ActiveCfg = Release|Any CPU
		{0977F8C1-2A07-46FD-833B-F6CA1FD96C9E}.Release|x86.Build.0 = Release|Any CPU
		{81D1E99B-2A6F-4729-B842-710D46252DB0}.Debug|Any CPU.ActiveCfg = Debug|Any CPU
		{81D1E99B-2A6F-4729-B842-710D46252DB0}.Debug|Any CPU.Build.0 = Debug|Any CPU
		{81D1E99B-2A6F-4729-B842-710D46252DB0}.Debug|x64.ActiveCfg = Debug|Any CPU
		{81D1E99B-2A6F-4729-B842-710D46252DB0}.Debug|x64.Build.0 = Debug|Any CPU
		{81D1E99B-2A6F-4729-B842-710D46252DB0}.Debug|x86.ActiveCfg = Debug|Any CPU
		{81D1E99B-2A6F-4729-B842-710D46252DB0}.Debug|x86.Build.0 = Debug|Any CPU
		{81D1E99B-2A6F-4729-B842-710D46252DB0}.Release|Any CPU.ActiveCfg = Release|Any CPU
		{81D1E99B-2A6F-4729-B842-710D46252DB0}.Release|Any CPU.Build.0 = Release|Any CPU
		{81D1E99B-2A6F-4729-B842-710D46252DB0}.Release|x64.ActiveCfg = Release|Any CPU
		{81D1E99B-2A6F-4729-B842-710D46252DB0}.Release|x64.Build.0 = Release|Any CPU
		{81D1E99B-2A6F-4729-B842-710D46252DB0}.Release|x86.ActiveCfg = Release|Any CPU
		{81D1E99B-2A6F-4729-B842-710D46252DB0}.Release|x86.Build.0 = Release|Any CPU
		{256731BB-79BB-41E3-A405-FD96A00E2352}.Debug|Any CPU.ActiveCfg = Debug|Any CPU
		{256731BB-79BB-41E3-A405-FD96A00E2352}.Debug|Any CPU.Build.0 = Debug|Any CPU
		{256731BB-79BB-41E3-A405-FD96A00E2352}.Debug|x64.ActiveCfg = Debug|Any CPU
		{256731BB-79BB-41E3-A405-FD96A00E2352}.Debug|x64.Build.0 = Debug|Any CPU
		{256731BB-79BB-41E3-A405-FD96A00E2352}.Debug|x86.ActiveCfg = Debug|Any CPU
		{256731BB-79BB-41E3-A405-FD96A00E2352}.Debug|x86.Build.0 = Debug|Any CPU
		{256731BB-79BB-41E3-A405-FD96A00E2352}.Release|Any CPU.ActiveCfg = Release|Any CPU
		{256731BB-79BB-41E3-A405-FD96A00E2352}.Release|Any CPU.Build.0 = Release|Any CPU
		{256731BB-79BB-41E3-A405-FD96A00E2352}.Release|x64.ActiveCfg = Release|Any CPU
		{256731BB-79BB-41E3-A405-FD96A00E2352}.Release|x64.Build.0 = Release|Any CPU
		{256731BB-79BB-41E3-A405-FD96A00E2352}.Release|x86.ActiveCfg = Release|Any CPU
		{256731BB-79BB-41E3-A405-FD96A00E2352}.Release|x86.Build.0 = Release|Any CPU
		{0CE6ACFF-6E38-468A-85B1-5DC76293EE99}.Debug|Any CPU.ActiveCfg = Debug|Any CPU
		{0CE6ACFF-6E38-468A-85B1-5DC76293EE99}.Debug|Any CPU.Build.0 = Debug|Any CPU
		{0CE6ACFF-6E38-468A-85B1-5DC76293EE99}.Debug|x64.ActiveCfg = Debug|Any CPU
		{0CE6ACFF-6E38-468A-85B1-5DC76293EE99}.Debug|x64.Build.0 = Debug|Any CPU
		{0CE6ACFF-6E38-468A-85B1-5DC76293EE99}.Debug|x86.ActiveCfg = Debug|Any CPU
		{0CE6ACFF-6E38-468A-85B1-5DC76293EE99}.Debug|x86.Build.0 = Debug|Any CPU
		{0CE6ACFF-6E38-468A-85B1-5DC76293EE99}.Release|Any CPU.ActiveCfg = Release|Any CPU
		{0CE6ACFF-6E38-468A-85B1-5DC76293EE99}.Release|Any CPU.Build.0 = Release|Any CPU
		{0CE6ACFF-6E38-468A-85B1-5DC76293EE99}.Release|x64.ActiveCfg = Release|Any CPU
		{0CE6ACFF-6E38-468A-85B1-5DC76293EE99}.Release|x64.Build.0 = Release|Any CPU
		{0CE6ACFF-6E38-468A-85B1-5DC76293EE99}.Release|x86.ActiveCfg = Release|Any CPU
		{0CE6ACFF-6E38-468A-85B1-5DC76293EE99}.Release|x86.Build.0 = Release|Any CPU
		{563D8A2B-B227-4FB5-8C4B-0B13C4F7FCBD}.Debug|Any CPU.ActiveCfg = Debug|Any CPU
		{563D8A2B-B227-4FB5-8C4B-0B13C4F7FCBD}.Debug|Any CPU.Build.0 = Debug|Any CPU
		{563D8A2B-B227-4FB5-8C4B-0B13C4F7FCBD}.Debug|x64.ActiveCfg = Debug|Any CPU
		{563D8A2B-B227-4FB5-8C4B-0B13C4F7FCBD}.Debug|x64.Build.0 = Debug|Any CPU
		{563D8A2B-B227-4FB5-8C4B-0B13C4F7FCBD}.Debug|x86.ActiveCfg = Debug|Any CPU
		{563D8A2B-B227-4FB5-8C4B-0B13C4F7FCBD}.Debug|x86.Build.0 = Debug|Any CPU
		{563D8A2B-B227-4FB5-8C4B-0B13C4F7FCBD}.Release|Any CPU.ActiveCfg = Release|Any CPU
		{563D8A2B-B227-4FB5-8C4B-0B13C4F7FCBD}.Release|Any CPU.Build.0 = Release|Any CPU
		{563D8A2B-B227-4FB5-8C4B-0B13C4F7FCBD}.Release|x64.ActiveCfg = Release|Any CPU
		{563D8A2B-B227-4FB5-8C4B-0B13C4F7FCBD}.Release|x64.Build.0 = Release|Any CPU
		{563D8A2B-B227-4FB5-8C4B-0B13C4F7FCBD}.Release|x86.ActiveCfg = Release|Any CPU
		{563D8A2B-B227-4FB5-8C4B-0B13C4F7FCBD}.Release|x86.Build.0 = Release|Any CPU
		{A76C0CCA-EAE7-4C82-A69E-D2E23AD784F1}.Debug|Any CPU.ActiveCfg = Debug|Any CPU
		{A76C0CCA-EAE7-4C82-A69E-D2E23AD784F1}.Debug|Any CPU.Build.0 = Debug|Any CPU
		{A76C0CCA-EAE7-4C82-A69E-D2E23AD784F1}.Debug|x64.ActiveCfg = Debug|Any CPU
		{A76C0CCA-EAE7-4C82-A69E-D2E23AD784F1}.Debug|x64.Build.0 = Debug|Any CPU
		{A76C0CCA-EAE7-4C82-A69E-D2E23AD784F1}.Debug|x86.ActiveCfg = Debug|Any CPU
		{A76C0CCA-EAE7-4C82-A69E-D2E23AD784F1}.Debug|x86.Build.0 = Debug|Any CPU
		{A76C0CCA-EAE7-4C82-A69E-D2E23AD784F1}.Release|Any CPU.ActiveCfg = Release|Any CPU
		{A76C0CCA-EAE7-4C82-A69E-D2E23AD784F1}.Release|Any CPU.Build.0 = Release|Any CPU
		{A76C0CCA-EAE7-4C82-A69E-D2E23AD784F1}.Release|x64.ActiveCfg = Release|Any CPU
		{A76C0CCA-EAE7-4C82-A69E-D2E23AD784F1}.Release|x64.Build.0 = Release|Any CPU
		{A76C0CCA-EAE7-4C82-A69E-D2E23AD784F1}.Release|x86.ActiveCfg = Release|Any CPU
		{A76C0CCA-EAE7-4C82-A69E-D2E23AD784F1}.Release|x86.Build.0 = Release|Any CPU
	EndGlobalSection
	GlobalSection(SolutionProperties) = preSolution
		HideSolutionNode = FALSE
	EndGlobalSection
	GlobalSection(ExtensibilityGlobals) = postSolution
		SolutionGuid = {AB16F630-5AC3-4B57-9FA4-41A3B3D0842C}
	EndGlobalSection
EndGlobal
